// !$*UTF8*$!
{
	archiveVersion = 1;
	classes = {
	};
	objectVersion = 50;
	objects = {

/* Begin PBXBuildFile section */
		BCCE74B62547CF2A0058110A /* AppDelegate.swift in Sources */ = {isa = PBXBuildFile; fileRef = BCCE74B52547CF2A0058110A /* AppDelegate.swift */; };
		BCCE74B82547CF2A0058110A /* SceneDelegate.swift in Sources */ = {isa = PBXBuildFile; fileRef = BCCE74B72547CF2A0058110A /* SceneDelegate.swift */; };
		BCCE74BA2547CF2A0058110A /* ViewController.swift in Sources */ = {isa = PBXBuildFile; fileRef = BCCE74B92547CF2A0058110A /* ViewController.swift */; };
		BCCE74BD2547CF2A0058110A /* Main.storyboard in Resources */ = {isa = PBXBuildFile; fileRef = BCCE74BB2547CF2A0058110A /* Main.storyboard */; };
		BCCE74BF2547CF2C0058110A /* Assets.xcassets in Resources */ = {isa = PBXBuildFile; fileRef = BCCE74BE2547CF2C0058110A /* Assets.xcassets */; };
		BCCE74C22547CF2C0058110A /* LaunchScreen.storyboard in Resources */ = {isa = PBXBuildFile; fileRef = BCCE74C02547CF2C0058110A /* LaunchScreen.storyboard */; };
		BCCE74CD2547CF2C0058110A /* RobuHubTests.swift in Sources */ = {isa = PBXBuildFile; fileRef = BCCE74CC2547CF2C0058110A /* RobuHubTests.swift */; };
		BCCE74D82547CF2C0058110A /* RobuHubUITests.swift in Sources */ = {isa = PBXBuildFile; fileRef = BCCE74D72547CF2C0058110A /* RobuHubUITests.swift */; };
		BCCE74F12547D1090058110A /* Domain.h in Headers */ = {isa = PBXBuildFile; fileRef = BCCE74EF2547D1090058110A /* Domain.h */; settings = {ATTRIBUTES = (Public, ); }; };
		BCCE74F42547D1090058110A /* Domain.framework in Frameworks */ = {isa = PBXBuildFile; fileRef = BCCE74ED2547D1090058110A /* Domain.framework */; };
		BCCE74F52547D1090058110A /* Domain.framework in Embed Frameworks */ = {isa = PBXBuildFile; fileRef = BCCE74ED2547D1090058110A /* Domain.framework */; settings = {ATTRIBUTES = (CodeSignOnCopy, RemoveHeadersOnCopy, ); }; };
		BCCE750B2547D1F70058110A /* NSObject+JSONSerialization.h in Headers */ = {isa = PBXBuildFile; fileRef = BCCE750A2547D1F70058110A /* NSObject+JSONSerialization.h */; settings = {ATTRIBUTES = (Public, ); }; };
		BCCE75132547D2630058110A /* NSObject+JSONSerialization.m in Sources */ = {isa = PBXBuildFile; fileRef = BCCE75122547D2630058110A /* NSObject+JSONSerialization.m */; };
		BCCE75192547D2C00058110A /* User.h in Headers */ = {isa = PBXBuildFile; fileRef = BCCE75182547D2C00058110A /* User.h */; settings = {ATTRIBUTES = (Public, ); }; };
		BCCE75222547D2E70058110A /* User.m in Sources */ = {isa = PBXBuildFile; fileRef = BCCE75212547D2E70058110A /* User.m */; };
		BCCE752A2547D3290058110A /* Repository.h in Headers */ = {isa = PBXBuildFile; fileRef = BCCE75292547D3290058110A /* Repository.h */; settings = {ATTRIBUTES = (Public, ); }; };
		BCCE752F2547D33F0058110A /* Repository.m in Sources */ = {isa = PBXBuildFile; fileRef = BCCE752E2547D33F0058110A /* Repository.m */; };
		BCCE75352547D3840058110A /* RepositoriesUseCase.h in Headers */ = {isa = PBXBuildFile; fileRef = BCCE75342547D3840058110A /* RepositoriesUseCase.h */; settings = {ATTRIBUTES = (Public, ); }; };
		BCCE753D2547D3D60058110A /* UseCaseProvider.h in Headers */ = {isa = PBXBuildFile; fileRef = BCCE753C2547D3D60058110A /* UseCaseProvider.h */; settings = {ATTRIBUTES = (Public, ); }; };
		BCCE75552547D4F40058110A /* NetworkPlatform.framework in Frameworks */ = {isa = PBXBuildFile; fileRef = BCCE754C2547D4F30058110A /* NetworkPlatform.framework */; };
		BCCE755C2547D4F40058110A /* NetworkPlatformTests.m in Sources */ = {isa = PBXBuildFile; fileRef = BCCE755B2547D4F40058110A /* NetworkPlatformTests.m */; };
		BCCE755E2547D4F40058110A /* NetworkPlatform.h in Headers */ = {isa = PBXBuildFile; fileRef = BCCE754E2547D4F30058110A /* NetworkPlatform.h */; settings = {ATTRIBUTES = (Public, ); }; };
		BCCE75612547D4F40058110A /* NetworkPlatform.framework in Frameworks */ = {isa = PBXBuildFile; fileRef = BCCE754C2547D4F30058110A /* NetworkPlatform.framework */; };
		BCCE75622547D4F40058110A /* NetworkPlatform.framework in Embed Frameworks */ = {isa = PBXBuildFile; fileRef = BCCE754C2547D4F30058110A /* NetworkPlatform.framework */; settings = {ATTRIBUTES = (CodeSignOnCopy, RemoveHeadersOnCopy, ); }; };
		BCCE75722547D61A0058110A /* HTTPMethod.h in Headers */ = {isa = PBXBuildFile; fileRef = BCCE75712547D61A0058110A /* HTTPMethod.h */; };
		BCCE757E2547D6270058110A /* HTTPMethod.m in Sources */ = {isa = PBXBuildFile; fileRef = BCCE757D2547D6270058110A /* HTTPMethod.m */; };
		BCCE75862547D6E80058110A /* APIResponse.h in Headers */ = {isa = PBXBuildFile; fileRef = BCCE75852547D6E80058110A /* APIResponse.h */; };
		BCCE75932547D71E0058110A /* SimpleAPIResponse.h in Headers */ = {isa = PBXBuildFile; fileRef = BCCE75922547D71D0058110A /* SimpleAPIResponse.h */; };
		BCCE759F2547D7490058110A /* JSONAPIResponse.h in Headers */ = {isa = PBXBuildFile; fileRef = BCCE759E2547D7490058110A /* JSONAPIResponse.h */; };
		BCCE75AD2547D7920058110A /* SimpleAPIResponse.m in Sources */ = {isa = PBXBuildFile; fileRef = BCCE75AC2547D7920058110A /* SimpleAPIResponse.m */; };
		BCCE75B92547D7AD0058110A /* JSONAPIResponse.m in Sources */ = {isa = PBXBuildFile; fileRef = BCCE75B82547D7AD0058110A /* JSONAPIResponse.m */; };
		BCCE75C52547D9610058110A /* APIRequest.h in Headers */ = {isa = PBXBuildFile; fileRef = BCCE75C42547D9610058110A /* APIRequest.h */; };
		BCCE76162547DD6F0058110A /* APIRequest.m in Sources */ = {isa = PBXBuildFile; fileRef = BCCE76152547DD6F0058110A /* APIRequest.m */; };
		BCCE76222547DDAF0058110A /* APIClient.h in Headers */ = {isa = PBXBuildFile; fileRef = BCCE76212547DDAF0058110A /* APIClient.h */; };
		BCCE76292547DDB80058110A /* APIClient.m in Sources */ = {isa = PBXBuildFile; fileRef = BCCE76282547DDB80058110A /* APIClient.m */; };
		BCCE76442547DE650058110A /* Domain.framework in Frameworks */ = {isa = PBXBuildFile; fileRef = BCCE74ED2547D1090058110A /* Domain.framework */; };
		BCCE76592547DF0B0058110A /* RepositoriesResponse.h in Headers */ = {isa = PBXBuildFile; fileRef = BCCE76582547DF0B0058110A /* RepositoriesResponse.h */; };
		BCCE765B2547DF130058110A /* RepositoriesResponse.m in Sources */ = {isa = PBXBuildFile; fileRef = BCCE765A2547DF130058110A /* RepositoriesResponse.m */; };
		BCCE765D2547E2B10058110A /* GithubJSONRequest.h in Headers */ = {isa = PBXBuildFile; fileRef = BCCE765C2547E2B10058110A /* GithubJSONRequest.h */; };
		BCCE765F2547E2B90058110A /* GithubJSONRequest.m in Sources */ = {isa = PBXBuildFile; fileRef = BCCE765E2547E2B90058110A /* GithubJSONRequest.m */; };
		BCCE76612547E30F0058110A /* RepositoriesRequest.h in Headers */ = {isa = PBXBuildFile; fileRef = BCCE76602547E30F0058110A /* RepositoriesRequest.h */; };
		BCCE76632547E3190058110A /* RepositoriesRequest.m in Sources */ = {isa = PBXBuildFile; fileRef = BCCE76622547E3190058110A /* RepositoriesRequest.m */; };
		BCCE76652547E34E0058110A /* GithubClient.h in Headers */ = {isa = PBXBuildFile; fileRef = BCCE76642547E34E0058110A /* GithubClient.h */; };
		BCCE76672547E3610058110A /* GithubClient.m in Sources */ = {isa = PBXBuildFile; fileRef = BCCE76662547E3610058110A /* GithubClient.m */; };
		BCCE766A2547E3AE0058110A /* RepositoriesUseCase.h in Headers */ = {isa = PBXBuildFile; fileRef = BCCE76692547E3AE0058110A /* RepositoriesUseCase.h */; settings = {ATTRIBUTES = (Public, ); }; };
		BCCE766C2547E3B60058110A /* RepositoriesUseCase.m in Sources */ = {isa = PBXBuildFile; fileRef = BCCE766B2547E3B60058110A /* RepositoriesUseCase.m */; };
		BCCE766E2547E3E50058110A /* UseCaseProvider.h in Headers */ = {isa = PBXBuildFile; fileRef = BCCE766D2547E3E50058110A /* UseCaseProvider.h */; settings = {ATTRIBUTES = (Public, ); }; };
		BCCE76702547E3EF0058110A /* UseCaseProvider.m in Sources */ = {isa = PBXBuildFile; fileRef = BCCE766F2547E3EF0058110A /* UseCaseProvider.m */; };
		BCCE7683254809E70058110A /* Route.swift in Sources */ = {isa = PBXBuildFile; fileRef = BCCE7682254809E70058110A /* Route.swift */; };
		BCCE768625480B270058110A /* ConfiguratorProtocol.swift in Sources */ = {isa = PBXBuildFile; fileRef = BCCE768525480B270058110A /* ConfiguratorProtocol.swift */; };
		BCCE768A25480D870058110A /* ViewProtocol.swift in Sources */ = {isa = PBXBuildFile; fileRef = BCCE768925480D870058110A /* ViewProtocol.swift */; };
		BCCE768C25480DB10058110A /* Themable.swift in Sources */ = {isa = PBXBuildFile; fileRef = BCCE768B25480DB10058110A /* Themable.swift */; };
		BCCE7691254810480058110A /* UIImageView+ImageDownloader.swift in Sources */ = {isa = PBXBuildFile; fileRef = BCCE7690254810480058110A /* UIImageView+ImageDownloader.swift */; };
/* End PBXBuildFile section */

/* Begin PBXContainerItemProxy section */
		BCCE74C92547CF2C0058110A /* PBXContainerItemProxy */ = {
			isa = PBXContainerItemProxy;
			containerPortal = BCCE74AA2547CF2A0058110A /* Project object */;
			proxyType = 1;
			remoteGlobalIDString = BCCE74B12547CF2A0058110A;
			remoteInfo = RobuHub;
		};
		BCCE74D42547CF2C0058110A /* PBXContainerItemProxy */ = {
			isa = PBXContainerItemProxy;
			containerPortal = BCCE74AA2547CF2A0058110A /* Project object */;
			proxyType = 1;
			remoteGlobalIDString = BCCE74B12547CF2A0058110A;
			remoteInfo = RobuHub;
		};
		BCCE74F22547D1090058110A /* PBXContainerItemProxy */ = {
			isa = PBXContainerItemProxy;
			containerPortal = BCCE74AA2547CF2A0058110A /* Project object */;
			proxyType = 1;
			remoteGlobalIDString = BCCE74EC2547D1090058110A;
			remoteInfo = Domain;
		};
		BCCE75562547D4F40058110A /* PBXContainerItemProxy */ = {
			isa = PBXContainerItemProxy;
			containerPortal = BCCE74AA2547CF2A0058110A /* Project object */;
			proxyType = 1;
			remoteGlobalIDString = BCCE754B2547D4F30058110A;
			remoteInfo = NetworkPlatform;
		};
		BCCE75582547D4F40058110A /* PBXContainerItemProxy */ = {
			isa = PBXContainerItemProxy;
			containerPortal = BCCE74AA2547CF2A0058110A /* Project object */;
			proxyType = 1;
			remoteGlobalIDString = BCCE74B12547CF2A0058110A;
			remoteInfo = RobuHub;
		};
		BCCE755F2547D4F40058110A /* PBXContainerItemProxy */ = {
			isa = PBXContainerItemProxy;
			containerPortal = BCCE74AA2547CF2A0058110A /* Project object */;
			proxyType = 1;
			remoteGlobalIDString = BCCE754B2547D4F30058110A;
			remoteInfo = NetworkPlatform;
		};
		BCCE76462547DE650058110A /* PBXContainerItemProxy */ = {
			isa = PBXContainerItemProxy;
			containerPortal = BCCE74AA2547CF2A0058110A /* Project object */;
			proxyType = 1;
			remoteGlobalIDString = BCCE74EC2547D1090058110A;
			remoteInfo = Domain;
		};
/* End PBXContainerItemProxy section */

/* Begin PBXCopyFilesBuildPhase section */
		BCCE74F62547D1090058110A /* Embed Frameworks */ = {
			isa = PBXCopyFilesBuildPhase;
			buildActionMask = 2147483647;
			dstPath = "";
			dstSubfolderSpec = 10;
			files = (
				BCCE75622547D4F40058110A /* NetworkPlatform.framework in Embed Frameworks */,
				BCCE74F52547D1090058110A /* Domain.framework in Embed Frameworks */,
			);
			name = "Embed Frameworks";
			runOnlyForDeploymentPostprocessing = 0;
		};
/* End PBXCopyFilesBuildPhase section */

/* Begin PBXFileReference section */
		BCCE74B22547CF2A0058110A /* RobuHub.app */ = {isa = PBXFileReference; explicitFileType = wrapper.application; includeInIndex = 0; path = RobuHub.app; sourceTree = BUILT_PRODUCTS_DIR; };
		BCCE74B52547CF2A0058110A /* AppDelegate.swift */ = {isa = PBXFileReference; lastKnownFileType = sourcecode.swift; path = AppDelegate.swift; sourceTree = "<group>"; };
		BCCE74B72547CF2A0058110A /* SceneDelegate.swift */ = {isa = PBXFileReference; lastKnownFileType = sourcecode.swift; path = SceneDelegate.swift; sourceTree = "<group>"; };
		BCCE74B92547CF2A0058110A /* ViewController.swift */ = {isa = PBXFileReference; lastKnownFileType = sourcecode.swift; path = ViewController.swift; sourceTree = "<group>"; };
		BCCE74BC2547CF2A0058110A /* Base */ = {isa = PBXFileReference; lastKnownFileType = file.storyboard; name = Base; path = Base.lproj/Main.storyboard; sourceTree = "<group>"; };
		BCCE74BE2547CF2C0058110A /* Assets.xcassets */ = {isa = PBXFileReference; lastKnownFileType = folder.assetcatalog; path = Assets.xcassets; sourceTree = "<group>"; };
		BCCE74C12547CF2C0058110A /* Base */ = {isa = PBXFileReference; lastKnownFileType = file.storyboard; name = Base; path = Base.lproj/LaunchScreen.storyboard; sourceTree = "<group>"; };
		BCCE74C32547CF2C0058110A /* Info.plist */ = {isa = PBXFileReference; lastKnownFileType = text.plist.xml; path = Info.plist; sourceTree = "<group>"; };
		BCCE74C82547CF2C0058110A /* RobuHubTests.xctest */ = {isa = PBXFileReference; explicitFileType = wrapper.cfbundle; includeInIndex = 0; path = RobuHubTests.xctest; sourceTree = BUILT_PRODUCTS_DIR; };
		BCCE74CC2547CF2C0058110A /* RobuHubTests.swift */ = {isa = PBXFileReference; lastKnownFileType = sourcecode.swift; path = RobuHubTests.swift; sourceTree = "<group>"; };
		BCCE74CE2547CF2C0058110A /* Info.plist */ = {isa = PBXFileReference; lastKnownFileType = text.plist.xml; path = Info.plist; sourceTree = "<group>"; };
		BCCE74D32547CF2C0058110A /* RobuHubUITests.xctest */ = {isa = PBXFileReference; explicitFileType = wrapper.cfbundle; includeInIndex = 0; path = RobuHubUITests.xctest; sourceTree = BUILT_PRODUCTS_DIR; };
		BCCE74D72547CF2C0058110A /* RobuHubUITests.swift */ = {isa = PBXFileReference; lastKnownFileType = sourcecode.swift; path = RobuHubUITests.swift; sourceTree = "<group>"; };
		BCCE74D92547CF2C0058110A /* Info.plist */ = {isa = PBXFileReference; lastKnownFileType = text.plist.xml; path = Info.plist; sourceTree = "<group>"; };
		BCCE74ED2547D1090058110A /* Domain.framework */ = {isa = PBXFileReference; explicitFileType = wrapper.framework; includeInIndex = 0; path = Domain.framework; sourceTree = BUILT_PRODUCTS_DIR; };
		BCCE74EF2547D1090058110A /* Domain.h */ = {isa = PBXFileReference; lastKnownFileType = sourcecode.c.h; path = Domain.h; sourceTree = "<group>"; };
		BCCE74F02547D1090058110A /* Info.plist */ = {isa = PBXFileReference; lastKnownFileType = text.plist.xml; path = Info.plist; sourceTree = "<group>"; };
		BCCE750A2547D1F70058110A /* NSObject+JSONSerialization.h */ = {isa = PBXFileReference; lastKnownFileType = sourcecode.c.h; path = "NSObject+JSONSerialization.h"; sourceTree = "<group>"; };
		BCCE75122547D2630058110A /* NSObject+JSONSerialization.m */ = {isa = PBXFileReference; lastKnownFileType = sourcecode.c.objc; path = "NSObject+JSONSerialization.m"; sourceTree = "<group>"; };
		BCCE75182547D2C00058110A /* User.h */ = {isa = PBXFileReference; lastKnownFileType = sourcecode.c.h; path = User.h; sourceTree = "<group>"; };
		BCCE75212547D2E70058110A /* User.m */ = {isa = PBXFileReference; lastKnownFileType = sourcecode.c.objc; path = User.m; sourceTree = "<group>"; };
		BCCE75292547D3290058110A /* Repository.h */ = {isa = PBXFileReference; lastKnownFileType = sourcecode.c.h; path = Repository.h; sourceTree = "<group>"; };
		BCCE752E2547D33F0058110A /* Repository.m */ = {isa = PBXFileReference; lastKnownFileType = sourcecode.c.objc; path = Repository.m; sourceTree = "<group>"; };
		BCCE75342547D3840058110A /* RepositoriesUseCase.h */ = {isa = PBXFileReference; lastKnownFileType = sourcecode.c.h; path = RepositoriesUseCase.h; sourceTree = "<group>"; };
		BCCE753C2547D3D60058110A /* UseCaseProvider.h */ = {isa = PBXFileReference; lastKnownFileType = sourcecode.c.h; path = UseCaseProvider.h; sourceTree = "<group>"; };
		BCCE754C2547D4F30058110A /* NetworkPlatform.framework */ = {isa = PBXFileReference; explicitFileType = wrapper.framework; includeInIndex = 0; path = NetworkPlatform.framework; sourceTree = BUILT_PRODUCTS_DIR; };
		BCCE754E2547D4F30058110A /* NetworkPlatform.h */ = {isa = PBXFileReference; lastKnownFileType = sourcecode.c.h; path = NetworkPlatform.h; sourceTree = "<group>"; };
		BCCE754F2547D4F30058110A /* Info.plist */ = {isa = PBXFileReference; lastKnownFileType = text.plist.xml; path = Info.plist; sourceTree = "<group>"; };
		BCCE75542547D4F40058110A /* NetworkPlatformTests.xctest */ = {isa = PBXFileReference; explicitFileType = wrapper.cfbundle; includeInIndex = 0; path = NetworkPlatformTests.xctest; sourceTree = BUILT_PRODUCTS_DIR; };
		BCCE755B2547D4F40058110A /* NetworkPlatformTests.m */ = {isa = PBXFileReference; lastKnownFileType = sourcecode.c.objc; path = NetworkPlatformTests.m; sourceTree = "<group>"; };
		BCCE755D2547D4F40058110A /* Info.plist */ = {isa = PBXFileReference; lastKnownFileType = text.plist.xml; path = Info.plist; sourceTree = "<group>"; };
		BCCE75712547D61A0058110A /* HTTPMethod.h */ = {isa = PBXFileReference; lastKnownFileType = sourcecode.c.h; path = HTTPMethod.h; sourceTree = "<group>"; };
		BCCE757D2547D6270058110A /* HTTPMethod.m */ = {isa = PBXFileReference; lastKnownFileType = sourcecode.c.objc; path = HTTPMethod.m; sourceTree = "<group>"; };
		BCCE75852547D6E80058110A /* APIResponse.h */ = {isa = PBXFileReference; lastKnownFileType = sourcecode.c.h; path = APIResponse.h; sourceTree = "<group>"; };
		BCCE75922547D71D0058110A /* SimpleAPIResponse.h */ = {isa = PBXFileReference; lastKnownFileType = sourcecode.c.h; path = SimpleAPIResponse.h; sourceTree = "<group>"; };
		BCCE759E2547D7490058110A /* JSONAPIResponse.h */ = {isa = PBXFileReference; lastKnownFileType = sourcecode.c.h; path = JSONAPIResponse.h; sourceTree = "<group>"; };
		BCCE75AC2547D7920058110A /* SimpleAPIResponse.m */ = {isa = PBXFileReference; lastKnownFileType = sourcecode.c.objc; path = SimpleAPIResponse.m; sourceTree = "<group>"; };
		BCCE75B82547D7AD0058110A /* JSONAPIResponse.m */ = {isa = PBXFileReference; lastKnownFileType = sourcecode.c.objc; path = JSONAPIResponse.m; sourceTree = "<group>"; };
		BCCE75C42547D9610058110A /* APIRequest.h */ = {isa = PBXFileReference; lastKnownFileType = sourcecode.c.h; path = APIRequest.h; sourceTree = "<group>"; };
		BCCE76152547DD6F0058110A /* APIRequest.m */ = {isa = PBXFileReference; lastKnownFileType = sourcecode.c.objc; path = APIRequest.m; sourceTree = "<group>"; };
		BCCE76212547DDAF0058110A /* APIClient.h */ = {isa = PBXFileReference; lastKnownFileType = sourcecode.c.h; path = APIClient.h; sourceTree = "<group>"; };
		BCCE76282547DDB80058110A /* APIClient.m */ = {isa = PBXFileReference; lastKnownFileType = sourcecode.c.objc; path = APIClient.m; sourceTree = "<group>"; };
		BCCE76582547DF0B0058110A /* RepositoriesResponse.h */ = {isa = PBXFileReference; lastKnownFileType = sourcecode.c.h; path = RepositoriesResponse.h; sourceTree = "<group>"; };
		BCCE765A2547DF130058110A /* RepositoriesResponse.m */ = {isa = PBXFileReference; lastKnownFileType = sourcecode.c.objc; path = RepositoriesResponse.m; sourceTree = "<group>"; };
		BCCE765C2547E2B10058110A /* GithubJSONRequest.h */ = {isa = PBXFileReference; lastKnownFileType = sourcecode.c.h; path = GithubJSONRequest.h; sourceTree = "<group>"; };
		BCCE765E2547E2B90058110A /* GithubJSONRequest.m */ = {isa = PBXFileReference; lastKnownFileType = sourcecode.c.objc; path = GithubJSONRequest.m; sourceTree = "<group>"; };
		BCCE76602547E30F0058110A /* RepositoriesRequest.h */ = {isa = PBXFileReference; lastKnownFileType = sourcecode.c.h; path = RepositoriesRequest.h; sourceTree = "<group>"; };
		BCCE76622547E3190058110A /* RepositoriesRequest.m */ = {isa = PBXFileReference; lastKnownFileType = sourcecode.c.objc; path = RepositoriesRequest.m; sourceTree = "<group>"; };
		BCCE76642547E34E0058110A /* GithubClient.h */ = {isa = PBXFileReference; lastKnownFileType = sourcecode.c.h; path = GithubClient.h; sourceTree = "<group>"; };
		BCCE76662547E3610058110A /* GithubClient.m */ = {isa = PBXFileReference; lastKnownFileType = sourcecode.c.objc; path = GithubClient.m; sourceTree = "<group>"; };
		BCCE76692547E3AE0058110A /* RepositoriesUseCase.h */ = {isa = PBXFileReference; lastKnownFileType = sourcecode.c.h; path = RepositoriesUseCase.h; sourceTree = "<group>"; };
		BCCE766B2547E3B60058110A /* RepositoriesUseCase.m */ = {isa = PBXFileReference; lastKnownFileType = sourcecode.c.objc; path = RepositoriesUseCase.m; sourceTree = "<group>"; };
		BCCE766D2547E3E50058110A /* UseCaseProvider.h */ = {isa = PBXFileReference; lastKnownFileType = sourcecode.c.h; path = UseCaseProvider.h; sourceTree = "<group>"; };
		BCCE766F2547E3EF0058110A /* UseCaseProvider.m */ = {isa = PBXFileReference; lastKnownFileType = sourcecode.c.objc; path = UseCaseProvider.m; sourceTree = "<group>"; };
		BCCE7682254809E70058110A /* Route.swift */ = {isa = PBXFileReference; lastKnownFileType = sourcecode.swift; path = Route.swift; sourceTree = "<group>"; };
		BCCE768525480B270058110A /* ConfiguratorProtocol.swift */ = {isa = PBXFileReference; lastKnownFileType = sourcecode.swift; path = ConfiguratorProtocol.swift; sourceTree = "<group>"; };
		BCCE768925480D870058110A /* ViewProtocol.swift */ = {isa = PBXFileReference; lastKnownFileType = sourcecode.swift; path = ViewProtocol.swift; sourceTree = "<group>"; };
		BCCE768B25480DB10058110A /* Themable.swift */ = {isa = PBXFileReference; lastKnownFileType = sourcecode.swift; path = Themable.swift; sourceTree = "<group>"; };
		BCCE7690254810480058110A /* UIImageView+ImageDownloader.swift */ = {isa = PBXFileReference; lastKnownFileType = sourcecode.swift; path = "UIImageView+ImageDownloader.swift"; sourceTree = "<group>"; };
/* End PBXFileReference section */

/* Begin PBXFrameworksBuildPhase section */
		BCCE74AF2547CF2A0058110A /* Frameworks */ = {
			isa = PBXFrameworksBuildPhase;
			buildActionMask = 2147483647;
			files = (
				BCCE75612547D4F40058110A /* NetworkPlatform.framework in Frameworks */,
				BCCE74F42547D1090058110A /* Domain.framework in Frameworks */,
			);
			runOnlyForDeploymentPostprocessing = 0;
		};
		BCCE74C52547CF2C0058110A /* Frameworks */ = {
			isa = PBXFrameworksBuildPhase;
			buildActionMask = 2147483647;
			files = (
			);
			runOnlyForDeploymentPostprocessing = 0;
		};
		BCCE74D02547CF2C0058110A /* Frameworks */ = {
			isa = PBXFrameworksBuildPhase;
			buildActionMask = 2147483647;
			files = (
			);
			runOnlyForDeploymentPostprocessing = 0;
		};
		BCCE74EA2547D1090058110A /* Frameworks */ = {
			isa = PBXFrameworksBuildPhase;
			buildActionMask = 2147483647;
			files = (
			);
			runOnlyForDeploymentPostprocessing = 0;
		};
		BCCE75492547D4F30058110A /* Frameworks */ = {
			isa = PBXFrameworksBuildPhase;
			buildActionMask = 2147483647;
			files = (
				BCCE76442547DE650058110A /* Domain.framework in Frameworks */,
			);
			runOnlyForDeploymentPostprocessing = 0;
		};
		BCCE75512547D4F40058110A /* Frameworks */ = {
			isa = PBXFrameworksBuildPhase;
			buildActionMask = 2147483647;
			files = (
				BCCE75552547D4F40058110A /* NetworkPlatform.framework in Frameworks */,
			);
			runOnlyForDeploymentPostprocessing = 0;
		};
/* End PBXFrameworksBuildPhase section */

/* Begin PBXGroup section */
		BCCE74A92547CF2A0058110A = {
			isa = PBXGroup;
			children = (
				BCCE74B42547CF2A0058110A /* RobuHub */,
				BCCE74CB2547CF2C0058110A /* RobuHubTests */,
				BCCE74D62547CF2C0058110A /* RobuHubUITests */,
				BCCE74EE2547D1090058110A /* Domain */,
				BCCE754D2547D4F30058110A /* NetworkPlatform */,
				BCCE755A2547D4F40058110A /* NetworkPlatformTests */,
				BCCE74B32547CF2A0058110A /* Products */,
				BCCE76432547DE650058110A /* Frameworks */,
			);
			sourceTree = "<group>";
		};
		BCCE74B32547CF2A0058110A /* Products */ = {
			isa = PBXGroup;
			children = (
				BCCE74B22547CF2A0058110A /* RobuHub.app */,
				BCCE74C82547CF2C0058110A /* RobuHubTests.xctest */,
				BCCE74D32547CF2C0058110A /* RobuHubUITests.xctest */,
				BCCE74ED2547D1090058110A /* Domain.framework */,
				BCCE754C2547D4F30058110A /* NetworkPlatform.framework */,
				BCCE75542547D4F40058110A /* NetworkPlatformTests.xctest */,
			);
			name = Products;
			sourceTree = "<group>";
		};
		BCCE74B42547CF2A0058110A /* RobuHub */ = {
			isa = PBXGroup;
			children = (
				BCCE76942548124F0058110A /* Supporting */,
				BCCE76932548122F0058110A /* Application */,
				BCCE7680254809CC0058110A /* Core */,
				BCCE7692254811C80058110A /* Modules */,
				BCCE74B92547CF2A0058110A /* ViewController.swift */,
				BCCE74BB2547CF2A0058110A /* Main.storyboard */,
			);
			path = RobuHub;
			sourceTree = "<group>";
		};
		BCCE74CB2547CF2C0058110A /* RobuHubTests */ = {
			isa = PBXGroup;
			children = (
				BCCE74CC2547CF2C0058110A /* RobuHubTests.swift */,
				BCCE74CE2547CF2C0058110A /* Info.plist */,
			);
			path = RobuHubTests;
			sourceTree = "<group>";
		};
		BCCE74D62547CF2C0058110A /* RobuHubUITests */ = {
			isa = PBXGroup;
			children = (
				BCCE74D72547CF2C0058110A /* RobuHubUITests.swift */,
				BCCE74D92547CF2C0058110A /* Info.plist */,
			);
			path = RobuHubUITests;
			sourceTree = "<group>";
		};
		BCCE74EE2547D1090058110A /* Domain */ = {
			isa = PBXGroup;
			children = (
				BCCE75172547D29D0058110A /* Models */,
				BCCE75092547D1E50058110A /* Mapping */,
				BCCE75332547D3660058110A /* UseCases */,
				BCCE74EF2547D1090058110A /* Domain.h */,
				BCCE74F02547D1090058110A /* Info.plist */,
			);
			path = Domain;
			sourceTree = "<group>";
		};
		BCCE75092547D1E50058110A /* Mapping */ = {
			isa = PBXGroup;
			children = (
				BCCE750A2547D1F70058110A /* NSObject+JSONSerialization.h */,
				BCCE75122547D2630058110A /* NSObject+JSONSerialization.m */,
			);
			path = Mapping;
			sourceTree = "<group>";
		};
		BCCE75172547D29D0058110A /* Models */ = {
			isa = PBXGroup;
			children = (
				BCCE75182547D2C00058110A /* User.h */,
				BCCE75212547D2E70058110A /* User.m */,
				BCCE75292547D3290058110A /* Repository.h */,
				BCCE752E2547D33F0058110A /* Repository.m */,
			);
			path = Models;
			sourceTree = "<group>";
		};
		BCCE75332547D3660058110A /* UseCases */ = {
			isa = PBXGroup;
			children = (
				BCCE75342547D3840058110A /* RepositoriesUseCase.h */,
				BCCE753C2547D3D60058110A /* UseCaseProvider.h */,
			);
			path = UseCases;
			sourceTree = "<group>";
		};
		BCCE754D2547D4F30058110A /* NetworkPlatform */ = {
			isa = PBXGroup;
			children = (
				BCCE76682547E39B0058110A /* UseCases */,
				BCCE762F2547DDF20058110A /* API */,
				BCCE756E2547D5040058110A /* Networking */,
				BCCE754E2547D4F30058110A /* NetworkPlatform.h */,
				BCCE754F2547D4F30058110A /* Info.plist */,
			);
			path = NetworkPlatform;
			sourceTree = "<group>";
		};
		BCCE755A2547D4F40058110A /* NetworkPlatformTests */ = {
			isa = PBXGroup;
			children = (
				BCCE755B2547D4F40058110A /* NetworkPlatformTests.m */,
				BCCE755D2547D4F40058110A /* Info.plist */,
			);
			path = NetworkPlatformTests;
			sourceTree = "<group>";
		};
		BCCE756E2547D5040058110A /* Networking */ = {
			isa = PBXGroup;
			children = (
				BCCE75912547D70C0058110A /* Responses */,
				BCCE75712547D61A0058110A /* HTTPMethod.h */,
				BCCE757D2547D6270058110A /* HTTPMethod.m */,
				BCCE75852547D6E80058110A /* APIResponse.h */,
				BCCE75C42547D9610058110A /* APIRequest.h */,
				BCCE76152547DD6F0058110A /* APIRequest.m */,
				BCCE76212547DDAF0058110A /* APIClient.h */,
				BCCE76282547DDB80058110A /* APIClient.m */,
			);
			path = Networking;
			sourceTree = "<group>";
		};
		BCCE75912547D70C0058110A /* Responses */ = {
			isa = PBXGroup;
			children = (
				BCCE75922547D71D0058110A /* SimpleAPIResponse.h */,
				BCCE75AC2547D7920058110A /* SimpleAPIResponse.m */,
				BCCE759E2547D7490058110A /* JSONAPIResponse.h */,
				BCCE75B82547D7AD0058110A /* JSONAPIResponse.m */,
			);
			path = Responses;
			sourceTree = "<group>";
		};
		BCCE762F2547DDF20058110A /* API */ = {
			isa = PBXGroup;
			children = (
				BCCE76582547DF0B0058110A /* RepositoriesResponse.h */,
				BCCE765A2547DF130058110A /* RepositoriesResponse.m */,
				BCCE765C2547E2B10058110A /* GithubJSONRequest.h */,
				BCCE765E2547E2B90058110A /* GithubJSONRequest.m */,
				BCCE76602547E30F0058110A /* RepositoriesRequest.h */,
				BCCE76622547E3190058110A /* RepositoriesRequest.m */,
				BCCE76642547E34E0058110A /* GithubClient.h */,
				BCCE76662547E3610058110A /* GithubClient.m */,
			);
			path = API;
			sourceTree = "<group>";
		};
		BCCE76432547DE650058110A /* Frameworks */ = {
			isa = PBXGroup;
			children = (
			);
			name = Frameworks;
			sourceTree = "<group>";
		};
		BCCE76682547E39B0058110A /* UseCases */ = {
			isa = PBXGroup;
			children = (
				BCCE76692547E3AE0058110A /* RepositoriesUseCase.h */,
				BCCE766B2547E3B60058110A /* RepositoriesUseCase.m */,
				BCCE766D2547E3E50058110A /* UseCaseProvider.h */,
				BCCE766F2547E3EF0058110A /* UseCaseProvider.m */,
			);
			path = UseCases;
			sourceTree = "<group>";
		};
		BCCE7680254809CC0058110A /* Core */ = {
			isa = PBXGroup;
			children = (
				BCCE768F2548101E0058110A /* ImageDownloader */,
				BCCE768725480D620058110A /* Themable */,
				BCCE768825480D6A0058110A /* ViewProtocol */,
				BCCE768425480AB70058110A /* ConfiguratorProtocol */,
				BCCE7681254809D10058110A /* NavigationRoute */,
			);
			path = Core;
			sourceTree = "<group>";
		};
		BCCE7681254809D10058110A /* NavigationRoute */ = {
			isa = PBXGroup;
			children = (
				BCCE7682254809E70058110A /* Route.swift */,
			);
			path = NavigationRoute;
			sourceTree = "<group>";
		};
		BCCE768425480AB70058110A /* ConfiguratorProtocol */ = {
			isa = PBXGroup;
			children = (
				BCCE768525480B270058110A /* ConfiguratorProtocol.swift */,
			);
			path = ConfiguratorProtocol;
			sourceTree = "<group>";
		};
		BCCE768725480D620058110A /* Themable */ = {
			isa = PBXGroup;
			children = (
				BCCE768B25480DB10058110A /* Themable.swift */,
			);
			path = Themable;
			sourceTree = "<group>";
		};
		BCCE768825480D6A0058110A /* ViewProtocol */ = {
			isa = PBXGroup;
			children = (
				BCCE768925480D870058110A /* ViewProtocol.swift */,
			);
			path = ViewProtocol;
			sourceTree = "<group>";
		};
		BCCE768F2548101E0058110A /* ImageDownloader */ = {
			isa = PBXGroup;
			children = (
				BCCE7690254810480058110A /* UIImageView+ImageDownloader.swift */,
			);
			path = ImageDownloader;
			sourceTree = "<group>";
		};
		BCCE7692254811C80058110A /* Modules */ = {
			isa = PBXGroup;
			children = (
			);
			path = Modules;
			sourceTree = "<group>";
		};
		BCCE76932548122F0058110A /* Application */ = {
			isa = PBXGroup;
			children = (
				BCCE74B72547CF2A0058110A /* SceneDelegate.swift */,
				BCCE74B52547CF2A0058110A /* AppDelegate.swift */,
			);
			path = Application;
			sourceTree = "<group>";
		};
		BCCE76942548124F0058110A /* Supporting */ = {
			isa = PBXGroup;
			children = (
				BCCE74C02547CF2C0058110A /* LaunchScreen.storyboard */,
				BCCE74BE2547CF2C0058110A /* Assets.xcassets */,
				BCCE74C32547CF2C0058110A /* Info.plist */,
			);
			path = Supporting;
			sourceTree = "<group>";
		};
/* End PBXGroup section */

/* Begin PBXHeadersBuildPhase section */
		BCCE74E82547D1090058110A /* Headers */ = {
			isa = PBXHeadersBuildPhase;
			buildActionMask = 2147483647;
			files = (
				BCCE75352547D3840058110A /* RepositoriesUseCase.h in Headers */,
				BCCE753D2547D3D60058110A /* UseCaseProvider.h in Headers */,
				BCCE74F12547D1090058110A /* Domain.h in Headers */,
				BCCE75192547D2C00058110A /* User.h in Headers */,
				BCCE752A2547D3290058110A /* Repository.h in Headers */,
				BCCE750B2547D1F70058110A /* NSObject+JSONSerialization.h in Headers */,
			);
			runOnlyForDeploymentPostprocessing = 0;
		};
		BCCE75472547D4F30058110A /* Headers */ = {
			isa = PBXHeadersBuildPhase;
			buildActionMask = 2147483647;
			files = (
				BCCE76612547E30F0058110A /* RepositoriesRequest.h in Headers */,
				BCCE75932547D71E0058110A /* SimpleAPIResponse.h in Headers */,
				BCCE75C52547D9610058110A /* APIRequest.h in Headers */,
				BCCE755E2547D4F40058110A /* NetworkPlatform.h in Headers */,
				BCCE766A2547E3AE0058110A /* RepositoriesUseCase.h in Headers */,
				BCCE76592547DF0B0058110A /* RepositoriesResponse.h in Headers */,
				BCCE76652547E34E0058110A /* GithubClient.h in Headers */,
				BCCE75862547D6E80058110A /* APIResponse.h in Headers */,
				BCCE766E2547E3E50058110A /* UseCaseProvider.h in Headers */,
				BCCE765D2547E2B10058110A /* GithubJSONRequest.h in Headers */,
				BCCE76222547DDAF0058110A /* APIClient.h in Headers */,
				BCCE75722547D61A0058110A /* HTTPMethod.h in Headers */,
				BCCE759F2547D7490058110A /* JSONAPIResponse.h in Headers */,
			);
			runOnlyForDeploymentPostprocessing = 0;
		};
/* End PBXHeadersBuildPhase section */

/* Begin PBXNativeTarget section */
		BCCE74B12547CF2A0058110A /* RobuHub */ = {
			isa = PBXNativeTarget;
			buildConfigurationList = BCCE74DC2547CF2C0058110A /* Build configuration list for PBXNativeTarget "RobuHub" */;
			buildPhases = (
				BCCE74AE2547CF2A0058110A /* Sources */,
				BCCE74AF2547CF2A0058110A /* Frameworks */,
				BCCE74B02547CF2A0058110A /* Resources */,
				BCCE74F62547D1090058110A /* Embed Frameworks */,
			);
			buildRules = (
			);
			dependencies = (
				BCCE74F32547D1090058110A /* PBXTargetDependency */,
				BCCE75602547D4F40058110A /* PBXTargetDependency */,
			);
			name = RobuHub;
			productName = RobuHub;
			productReference = BCCE74B22547CF2A0058110A /* RobuHub.app */;
			productType = "com.apple.product-type.application";
		};
		BCCE74C72547CF2C0058110A /* RobuHubTests */ = {
			isa = PBXNativeTarget;
			buildConfigurationList = BCCE74DF2547CF2C0058110A /* Build configuration list for PBXNativeTarget "RobuHubTests" */;
			buildPhases = (
				BCCE74C42547CF2C0058110A /* Sources */,
				BCCE74C52547CF2C0058110A /* Frameworks */,
				BCCE74C62547CF2C0058110A /* Resources */,
			);
			buildRules = (
			);
			dependencies = (
				BCCE74CA2547CF2C0058110A /* PBXTargetDependency */,
			);
			name = RobuHubTests;
			productName = RobuHubTests;
			productReference = BCCE74C82547CF2C0058110A /* RobuHubTests.xctest */;
			productType = "com.apple.product-type.bundle.unit-test";
		};
		BCCE74D22547CF2C0058110A /* RobuHubUITests */ = {
			isa = PBXNativeTarget;
			buildConfigurationList = BCCE74E22547CF2C0058110A /* Build configuration list for PBXNativeTarget "RobuHubUITests" */;
			buildPhases = (
				BCCE74CF2547CF2C0058110A /* Sources */,
				BCCE74D02547CF2C0058110A /* Frameworks */,
				BCCE74D12547CF2C0058110A /* Resources */,
			);
			buildRules = (
			);
			dependencies = (
				BCCE74D52547CF2C0058110A /* PBXTargetDependency */,
			);
			name = RobuHubUITests;
			productName = RobuHubUITests;
			productReference = BCCE74D32547CF2C0058110A /* RobuHubUITests.xctest */;
			productType = "com.apple.product-type.bundle.ui-testing";
		};
		BCCE74EC2547D1090058110A /* Domain */ = {
			isa = PBXNativeTarget;
			buildConfigurationList = BCCE74F92547D1090058110A /* Build configuration list for PBXNativeTarget "Domain" */;
			buildPhases = (
				BCCE74E82547D1090058110A /* Headers */,
				BCCE74E92547D1090058110A /* Sources */,
				BCCE74EA2547D1090058110A /* Frameworks */,
				BCCE74EB2547D1090058110A /* Resources */,
			);
			buildRules = (
			);
			dependencies = (
			);
			name = Domain;
			productName = Domain;
			productReference = BCCE74ED2547D1090058110A /* Domain.framework */;
			productType = "com.apple.product-type.framework";
		};
		BCCE754B2547D4F30058110A /* NetworkPlatform */ = {
			isa = PBXNativeTarget;
			buildConfigurationList = BCCE75672547D4F40058110A /* Build configuration list for PBXNativeTarget "NetworkPlatform" */;
			buildPhases = (
				BCCE75472547D4F30058110A /* Headers */,
				BCCE75482547D4F30058110A /* Sources */,
				BCCE75492547D4F30058110A /* Frameworks */,
				BCCE754A2547D4F30058110A /* Resources */,
			);
			buildRules = (
			);
			dependencies = (
				BCCE76472547DE650058110A /* PBXTargetDependency */,
			);
			name = NetworkPlatform;
			productName = NetworkPlatform;
			productReference = BCCE754C2547D4F30058110A /* NetworkPlatform.framework */;
			productType = "com.apple.product-type.framework";
		};
		BCCE75532547D4F40058110A /* NetworkPlatformTests */ = {
			isa = PBXNativeTarget;
			buildConfigurationList = BCCE75682547D4F40058110A /* Build configuration list for PBXNativeTarget "NetworkPlatformTests" */;
			buildPhases = (
				BCCE75502547D4F40058110A /* Sources */,
				BCCE75512547D4F40058110A /* Frameworks */,
				BCCE75522547D4F40058110A /* Resources */,
			);
			buildRules = (
			);
			dependencies = (
				BCCE75572547D4F40058110A /* PBXTargetDependency */,
				BCCE75592547D4F40058110A /* PBXTargetDependency */,
			);
			name = NetworkPlatformTests;
			productName = NetworkPlatformTests;
			productReference = BCCE75542547D4F40058110A /* NetworkPlatformTests.xctest */;
			productType = "com.apple.product-type.bundle.unit-test";
		};
/* End PBXNativeTarget section */

/* Begin PBXProject section */
		BCCE74AA2547CF2A0058110A /* Project object */ = {
			isa = PBXProject;
			attributes = {
				LastSwiftUpdateCheck = 1200;
				LastUpgradeCheck = 1200;
				TargetAttributes = {
					BCCE74B12547CF2A0058110A = {
						CreatedOnToolsVersion = 12.0.1;
					};
					BCCE74C72547CF2C0058110A = {
						CreatedOnToolsVersion = 12.0.1;
						TestTargetID = BCCE74B12547CF2A0058110A;
					};
					BCCE74D22547CF2C0058110A = {
						CreatedOnToolsVersion = 12.0.1;
						TestTargetID = BCCE74B12547CF2A0058110A;
					};
					BCCE74EC2547D1090058110A = {
						CreatedOnToolsVersion = 12.0.1;
					};
					BCCE754B2547D4F30058110A = {
						CreatedOnToolsVersion = 12.0.1;
					};
					BCCE75532547D4F40058110A = {
						CreatedOnToolsVersion = 12.0.1;
						TestTargetID = BCCE74B12547CF2A0058110A;
					};
				};
			};
			buildConfigurationList = BCCE74AD2547CF2A0058110A /* Build configuration list for PBXProject "RobuHub" */;
			compatibilityVersion = "Xcode 9.3";
			developmentRegion = en;
			hasScannedForEncodings = 0;
			knownRegions = (
				en,
				Base,
			);
			mainGroup = BCCE74A92547CF2A0058110A;
			productRefGroup = BCCE74B32547CF2A0058110A /* Products */;
			projectDirPath = "";
			projectRoot = "";
			targets = (
				BCCE74B12547CF2A0058110A /* RobuHub */,
				BCCE74C72547CF2C0058110A /* RobuHubTests */,
				BCCE74D22547CF2C0058110A /* RobuHubUITests */,
				BCCE74EC2547D1090058110A /* Domain */,
				BCCE754B2547D4F30058110A /* NetworkPlatform */,
				BCCE75532547D4F40058110A /* NetworkPlatformTests */,
			);
		};
/* End PBXProject section */

/* Begin PBXResourcesBuildPhase section */
		BCCE74B02547CF2A0058110A /* Resources */ = {
			isa = PBXResourcesBuildPhase;
			buildActionMask = 2147483647;
			files = (
				BCCE74C22547CF2C0058110A /* LaunchScreen.storyboard in Resources */,
				BCCE74BF2547CF2C0058110A /* Assets.xcassets in Resources */,
				BCCE74BD2547CF2A0058110A /* Main.storyboard in Resources */,
			);
			runOnlyForDeploymentPostprocessing = 0;
		};
		BCCE74C62547CF2C0058110A /* Resources */ = {
			isa = PBXResourcesBuildPhase;
			buildActionMask = 2147483647;
			files = (
			);
			runOnlyForDeploymentPostprocessing = 0;
		};
		BCCE74D12547CF2C0058110A /* Resources */ = {
			isa = PBXResourcesBuildPhase;
			buildActionMask = 2147483647;
			files = (
			);
			runOnlyForDeploymentPostprocessing = 0;
		};
		BCCE74EB2547D1090058110A /* Resources */ = {
			isa = PBXResourcesBuildPhase;
			buildActionMask = 2147483647;
			files = (
			);
			runOnlyForDeploymentPostprocessing = 0;
		};
		BCCE754A2547D4F30058110A /* Resources */ = {
			isa = PBXResourcesBuildPhase;
			buildActionMask = 2147483647;
			files = (
			);
			runOnlyForDeploymentPostprocessing = 0;
		};
		BCCE75522547D4F40058110A /* Resources */ = {
			isa = PBXResourcesBuildPhase;
			buildActionMask = 2147483647;
			files = (
			);
			runOnlyForDeploymentPostprocessing = 0;
		};
/* End PBXResourcesBuildPhase section */

/* Begin PBXSourcesBuildPhase section */
		BCCE74AE2547CF2A0058110A /* Sources */ = {
			isa = PBXSourcesBuildPhase;
			buildActionMask = 2147483647;
			files = (
				BCCE768625480B270058110A /* ConfiguratorProtocol.swift in Sources */,
				BCCE74BA2547CF2A0058110A /* ViewController.swift in Sources */,
				BCCE7683254809E70058110A /* Route.swift in Sources */,
				BCCE74B62547CF2A0058110A /* AppDelegate.swift in Sources */,
				BCCE768A25480D870058110A /* ViewProtocol.swift in Sources */,
				BCCE74B82547CF2A0058110A /* SceneDelegate.swift in Sources */,
				BCCE768C25480DB10058110A /* Themable.swift in Sources */,
				BCCE7691254810480058110A /* UIImageView+ImageDownloader.swift in Sources */,
			);
			runOnlyForDeploymentPostprocessing = 0;
		};
		BCCE74C42547CF2C0058110A /* Sources */ = {
			isa = PBXSourcesBuildPhase;
			buildActionMask = 2147483647;
			files = (
				BCCE74CD2547CF2C0058110A /* RobuHubTests.swift in Sources */,
			);
			runOnlyForDeploymentPostprocessing = 0;
		};
		BCCE74CF2547CF2C0058110A /* Sources */ = {
			isa = PBXSourcesBuildPhase;
			buildActionMask = 2147483647;
			files = (
				BCCE74D82547CF2C0058110A /* RobuHubUITests.swift in Sources */,
			);
			runOnlyForDeploymentPostprocessing = 0;
		};
		BCCE74E92547D1090058110A /* Sources */ = {
			isa = PBXSourcesBuildPhase;
			buildActionMask = 2147483647;
			files = (
				BCCE75222547D2E70058110A /* User.m in Sources */,
				BCCE752F2547D33F0058110A /* Repository.m in Sources */,
				BCCE75132547D2630058110A /* NSObject+JSONSerialization.m in Sources */,
			);
			runOnlyForDeploymentPostprocessing = 0;
		};
		BCCE75482547D4F30058110A /* Sources */ = {
			isa = PBXSourcesBuildPhase;
			buildActionMask = 2147483647;
			files = (
				BCCE76672547E3610058110A /* GithubClient.m in Sources */,
				BCCE76292547DDB80058110A /* APIClient.m in Sources */,
				BCCE76702547E3EF0058110A /* UseCaseProvider.m in Sources */,
				BCCE76632547E3190058110A /* RepositoriesRequest.m in Sources */,
				BCCE765F2547E2B90058110A /* GithubJSONRequest.m in Sources */,
				BCCE75AD2547D7920058110A /* SimpleAPIResponse.m in Sources */,
				BCCE766C2547E3B60058110A /* RepositoriesUseCase.m in Sources */,
				BCCE765B2547DF130058110A /* RepositoriesResponse.m in Sources */,
				BCCE757E2547D6270058110A /* HTTPMethod.m in Sources */,
				BCCE76162547DD6F0058110A /* APIRequest.m in Sources */,
				BCCE75B92547D7AD0058110A /* JSONAPIResponse.m in Sources */,
			);
			runOnlyForDeploymentPostprocessing = 0;
		};
		BCCE75502547D4F40058110A /* Sources */ = {
			isa = PBXSourcesBuildPhase;
			buildActionMask = 2147483647;
			files = (
				BCCE755C2547D4F40058110A /* NetworkPlatformTests.m in Sources */,
			);
			runOnlyForDeploymentPostprocessing = 0;
		};
/* End PBXSourcesBuildPhase section */

/* Begin PBXTargetDependency section */
		BCCE74CA2547CF2C0058110A /* PBXTargetDependency */ = {
			isa = PBXTargetDependency;
			target = BCCE74B12547CF2A0058110A /* RobuHub */;
			targetProxy = BCCE74C92547CF2C0058110A /* PBXContainerItemProxy */;
		};
		BCCE74D52547CF2C0058110A /* PBXTargetDependency */ = {
			isa = PBXTargetDependency;
			target = BCCE74B12547CF2A0058110A /* RobuHub */;
			targetProxy = BCCE74D42547CF2C0058110A /* PBXContainerItemProxy */;
		};
		BCCE74F32547D1090058110A /* PBXTargetDependency */ = {
			isa = PBXTargetDependency;
			target = BCCE74EC2547D1090058110A /* Domain */;
			targetProxy = BCCE74F22547D1090058110A /* PBXContainerItemProxy */;
		};
		BCCE75572547D4F40058110A /* PBXTargetDependency */ = {
			isa = PBXTargetDependency;
			target = BCCE754B2547D4F30058110A /* NetworkPlatform */;
			targetProxy = BCCE75562547D4F40058110A /* PBXContainerItemProxy */;
		};
		BCCE75592547D4F40058110A /* PBXTargetDependency */ = {
			isa = PBXTargetDependency;
			target = BCCE74B12547CF2A0058110A /* RobuHub */;
			targetProxy = BCCE75582547D4F40058110A /* PBXContainerItemProxy */;
		};
		BCCE75602547D4F40058110A /* PBXTargetDependency */ = {
			isa = PBXTargetDependency;
			target = BCCE754B2547D4F30058110A /* NetworkPlatform */;
			targetProxy = BCCE755F2547D4F40058110A /* PBXContainerItemProxy */;
		};
		BCCE76472547DE650058110A /* PBXTargetDependency */ = {
			isa = PBXTargetDependency;
			target = BCCE74EC2547D1090058110A /* Domain */;
			targetProxy = BCCE76462547DE650058110A /* PBXContainerItemProxy */;
		};
/* End PBXTargetDependency section */

/* Begin PBXVariantGroup section */
		BCCE74BB2547CF2A0058110A /* Main.storyboard */ = {
			isa = PBXVariantGroup;
			children = (
				BCCE74BC2547CF2A0058110A /* Base */,
			);
			name = Main.storyboard;
			sourceTree = "<group>";
		};
		BCCE74C02547CF2C0058110A /* LaunchScreen.storyboard */ = {
			isa = PBXVariantGroup;
			children = (
				BCCE74C12547CF2C0058110A /* Base */,
			);
			name = LaunchScreen.storyboard;
			sourceTree = "<group>";
		};
/* End PBXVariantGroup section */

/* Begin XCBuildConfiguration section */
		BCCE74DA2547CF2C0058110A /* Debug */ = {
			isa = XCBuildConfiguration;
			buildSettings = {
				ALWAYS_SEARCH_USER_PATHS = NO;
				CLANG_ANALYZER_NONNULL = YES;
				CLANG_ANALYZER_NUMBER_OBJECT_CONVERSION = YES_AGGRESSIVE;
				CLANG_CXX_LANGUAGE_STANDARD = "gnu++14";
				CLANG_CXX_LIBRARY = "libc++";
				CLANG_ENABLE_MODULES = YES;
				CLANG_ENABLE_OBJC_ARC = YES;
				CLANG_ENABLE_OBJC_WEAK = YES;
				CLANG_WARN_BLOCK_CAPTURE_AUTORELEASING = YES;
				CLANG_WARN_BOOL_CONVERSION = YES;
				CLANG_WARN_COMMA = YES;
				CLANG_WARN_CONSTANT_CONVERSION = YES;
				CLANG_WARN_DEPRECATED_OBJC_IMPLEMENTATIONS = YES;
				CLANG_WARN_DIRECT_OBJC_ISA_USAGE = YES_ERROR;
				CLANG_WARN_DOCUMENTATION_COMMENTS = YES;
				CLANG_WARN_EMPTY_BODY = YES;
				CLANG_WARN_ENUM_CONVERSION = YES;
				CLANG_WARN_INFINITE_RECURSION = YES;
				CLANG_WARN_INT_CONVERSION = YES;
				CLANG_WARN_NON_LITERAL_NULL_CONVERSION = YES;
				CLANG_WARN_OBJC_IMPLICIT_RETAIN_SELF = YES;
				CLANG_WARN_OBJC_LITERAL_CONVERSION = YES;
				CLANG_WARN_OBJC_ROOT_CLASS = YES_ERROR;
				CLANG_WARN_QUOTED_INCLUDE_IN_FRAMEWORK_HEADER = YES;
				CLANG_WARN_RANGE_LOOP_ANALYSIS = YES;
				CLANG_WARN_STRICT_PROTOTYPES = YES;
				CLANG_WARN_SUSPICIOUS_MOVE = YES;
				CLANG_WARN_UNGUARDED_AVAILABILITY = YES_AGGRESSIVE;
				CLANG_WARN_UNREACHABLE_CODE = YES;
				CLANG_WARN__DUPLICATE_METHOD_MATCH = YES;
				COPY_PHASE_STRIP = NO;
				DEBUG_INFORMATION_FORMAT = dwarf;
				ENABLE_STRICT_OBJC_MSGSEND = YES;
				ENABLE_TESTABILITY = YES;
				GCC_C_LANGUAGE_STANDARD = gnu11;
				GCC_DYNAMIC_NO_PIC = NO;
				GCC_NO_COMMON_BLOCKS = YES;
				GCC_OPTIMIZATION_LEVEL = 0;
				GCC_PREPROCESSOR_DEFINITIONS = (
					"DEBUG=1",
					"$(inherited)",
				);
				GCC_WARN_64_TO_32_BIT_CONVERSION = YES;
				GCC_WARN_ABOUT_RETURN_TYPE = YES_ERROR;
				GCC_WARN_UNDECLARED_SELECTOR = YES;
				GCC_WARN_UNINITIALIZED_AUTOS = YES_AGGRESSIVE;
				GCC_WARN_UNUSED_FUNCTION = YES;
				GCC_WARN_UNUSED_VARIABLE = YES;
				IPHONEOS_DEPLOYMENT_TARGET = 14.0;
				MTL_ENABLE_DEBUG_INFO = INCLUDE_SOURCE;
				MTL_FAST_MATH = YES;
				ONLY_ACTIVE_ARCH = YES;
				SDKROOT = iphoneos;
				SWIFT_ACTIVE_COMPILATION_CONDITIONS = DEBUG;
				SWIFT_OPTIMIZATION_LEVEL = "-Onone";
			};
			name = Debug;
		};
		BCCE74DB2547CF2C0058110A /* Release */ = {
			isa = XCBuildConfiguration;
			buildSettings = {
				ALWAYS_SEARCH_USER_PATHS = NO;
				CLANG_ANALYZER_NONNULL = YES;
				CLANG_ANALYZER_NUMBER_OBJECT_CONVERSION = YES_AGGRESSIVE;
				CLANG_CXX_LANGUAGE_STANDARD = "gnu++14";
				CLANG_CXX_LIBRARY = "libc++";
				CLANG_ENABLE_MODULES = YES;
				CLANG_ENABLE_OBJC_ARC = YES;
				CLANG_ENABLE_OBJC_WEAK = YES;
				CLANG_WARN_BLOCK_CAPTURE_AUTORELEASING = YES;
				CLANG_WARN_BOOL_CONVERSION = YES;
				CLANG_WARN_COMMA = YES;
				CLANG_WARN_CONSTANT_CONVERSION = YES;
				CLANG_WARN_DEPRECATED_OBJC_IMPLEMENTATIONS = YES;
				CLANG_WARN_DIRECT_OBJC_ISA_USAGE = YES_ERROR;
				CLANG_WARN_DOCUMENTATION_COMMENTS = YES;
				CLANG_WARN_EMPTY_BODY = YES;
				CLANG_WARN_ENUM_CONVERSION = YES;
				CLANG_WARN_INFINITE_RECURSION = YES;
				CLANG_WARN_INT_CONVERSION = YES;
				CLANG_WARN_NON_LITERAL_NULL_CONVERSION = YES;
				CLANG_WARN_OBJC_IMPLICIT_RETAIN_SELF = YES;
				CLANG_WARN_OBJC_LITERAL_CONVERSION = YES;
				CLANG_WARN_OBJC_ROOT_CLASS = YES_ERROR;
				CLANG_WARN_QUOTED_INCLUDE_IN_FRAMEWORK_HEADER = YES;
				CLANG_WARN_RANGE_LOOP_ANALYSIS = YES;
				CLANG_WARN_STRICT_PROTOTYPES = YES;
				CLANG_WARN_SUSPICIOUS_MOVE = YES;
				CLANG_WARN_UNGUARDED_AVAILABILITY = YES_AGGRESSIVE;
				CLANG_WARN_UNREACHABLE_CODE = YES;
				CLANG_WARN__DUPLICATE_METHOD_MATCH = YES;
				COPY_PHASE_STRIP = NO;
				DEBUG_INFORMATION_FORMAT = "dwarf-with-dsym";
				ENABLE_NS_ASSERTIONS = NO;
				ENABLE_STRICT_OBJC_MSGSEND = YES;
				GCC_C_LANGUAGE_STANDARD = gnu11;
				GCC_NO_COMMON_BLOCKS = YES;
				GCC_WARN_64_TO_32_BIT_CONVERSION = YES;
				GCC_WARN_ABOUT_RETURN_TYPE = YES_ERROR;
				GCC_WARN_UNDECLARED_SELECTOR = YES;
				GCC_WARN_UNINITIALIZED_AUTOS = YES_AGGRESSIVE;
				GCC_WARN_UNUSED_FUNCTION = YES;
				GCC_WARN_UNUSED_VARIABLE = YES;
				IPHONEOS_DEPLOYMENT_TARGET = 14.0;
				MTL_ENABLE_DEBUG_INFO = NO;
				MTL_FAST_MATH = YES;
				SDKROOT = iphoneos;
				SWIFT_COMPILATION_MODE = wholemodule;
				SWIFT_OPTIMIZATION_LEVEL = "-O";
				VALIDATE_PRODUCT = YES;
			};
			name = Release;
		};
		BCCE74DD2547CF2C0058110A /* Debug */ = {
			isa = XCBuildConfiguration;
			buildSettings = {
				ASSETCATALOG_COMPILER_APPICON_NAME = AppIcon;
				ASSETCATALOG_COMPILER_GLOBAL_ACCENT_COLOR_NAME = AccentColor;
				CODE_SIGN_STYLE = Automatic;
				DEVELOPMENT_TEAM = FQA9SHB233;
				INFOPLIST_FILE = RobuHub/Supporting/Info.plist;
				LD_RUNPATH_SEARCH_PATHS = (
					"$(inherited)",
					"@executable_path/Frameworks",
				);
				PRODUCT_BUNDLE_IDENTIFIER = come.karimebrahem.RobuHub;
				PRODUCT_NAME = "$(TARGET_NAME)";
				SWIFT_VERSION = 5.0;
				TARGETED_DEVICE_FAMILY = 1;
			};
			name = Debug;
		};
		BCCE74DE2547CF2C0058110A /* Release */ = {
			isa = XCBuildConfiguration;
			buildSettings = {
				ASSETCATALOG_COMPILER_APPICON_NAME = AppIcon;
				ASSETCATALOG_COMPILER_GLOBAL_ACCENT_COLOR_NAME = AccentColor;
				CODE_SIGN_STYLE = Automatic;
				DEVELOPMENT_TEAM = FQA9SHB233;
				INFOPLIST_FILE = RobuHub/Supporting/Info.plist;
				LD_RUNPATH_SEARCH_PATHS = (
					"$(inherited)",
					"@executable_path/Frameworks",
				);
				PRODUCT_BUNDLE_IDENTIFIER = come.karimebrahem.RobuHub;
				PRODUCT_NAME = "$(TARGET_NAME)";
				SWIFT_VERSION = 5.0;
				TARGETED_DEVICE_FAMILY = 1;
			};
			name = Release;
		};
		BCCE74E02547CF2C0058110A /* Debug */ = {
			isa = XCBuildConfiguration;
			buildSettings = {
				ALWAYS_EMBED_SWIFT_STANDARD_LIBRARIES = YES;
				BUNDLE_LOADER = "$(TEST_HOST)";
				CODE_SIGN_STYLE = Automatic;
				DEVELOPMENT_TEAM = FQA9SHB233;
				INFOPLIST_FILE = RobuHubTests/Info.plist;
				IPHONEOS_DEPLOYMENT_TARGET = 14.0;
				LD_RUNPATH_SEARCH_PATHS = (
					"$(inherited)",
					"@executable_path/Frameworks",
					"@loader_path/Frameworks",
				);
				PRODUCT_BUNDLE_IDENTIFIER = come.karimebrahem.RobuHubTests;
				PRODUCT_NAME = "$(TARGET_NAME)";
				SWIFT_VERSION = 5.0;
				TARGETED_DEVICE_FAMILY = "1,2";
				TEST_HOST = "$(BUILT_PRODUCTS_DIR)/RobuHub.app/RobuHub";
			};
			name = Debug;
		};
		BCCE74E12547CF2C0058110A /* Release */ = {
			isa = XCBuildConfiguration;
			buildSettings = {
				ALWAYS_EMBED_SWIFT_STANDARD_LIBRARIES = YES;
				BUNDLE_LOADER = "$(TEST_HOST)";
				CODE_SIGN_STYLE = Automatic;
				DEVELOPMENT_TEAM = FQA9SHB233;
				INFOPLIST_FILE = RobuHubTests/Info.plist;
				IPHONEOS_DEPLOYMENT_TARGET = 14.0;
				LD_RUNPATH_SEARCH_PATHS = (
					"$(inherited)",
					"@executable_path/Frameworks",
					"@loader_path/Frameworks",
				);
				PRODUCT_BUNDLE_IDENTIFIER = come.karimebrahem.RobuHubTests;
				PRODUCT_NAME = "$(TARGET_NAME)";
				SWIFT_VERSION = 5.0;
				TARGETED_DEVICE_FAMILY = "1,2";
				TEST_HOST = "$(BUILT_PRODUCTS_DIR)/RobuHub.app/RobuHub";
			};
			name = Release;
		};
		BCCE74E32547CF2C0058110A /* Debug */ = {
			isa = XCBuildConfiguration;
			buildSettings = {
				ALWAYS_EMBED_SWIFT_STANDARD_LIBRARIES = YES;
				CODE_SIGN_STYLE = Automatic;
				DEVELOPMENT_TEAM = FQA9SHB233;
				INFOPLIST_FILE = RobuHubUITests/Info.plist;
				LD_RUNPATH_SEARCH_PATHS = (
					"$(inherited)",
					"@executable_path/Frameworks",
					"@loader_path/Frameworks",
				);
				PRODUCT_BUNDLE_IDENTIFIER = come.karimebrahem.RobuHubUITests;
				PRODUCT_NAME = "$(TARGET_NAME)";
				SWIFT_VERSION = 5.0;
				TARGETED_DEVICE_FAMILY = "1,2";
				TEST_TARGET_NAME = RobuHub;
			};
			name = Debug;
		};
		BCCE74E42547CF2C0058110A /* Release */ = {
			isa = XCBuildConfiguration;
			buildSettings = {
				ALWAYS_EMBED_SWIFT_STANDARD_LIBRARIES = YES;
				CODE_SIGN_STYLE = Automatic;
				DEVELOPMENT_TEAM = FQA9SHB233;
				INFOPLIST_FILE = RobuHubUITests/Info.plist;
				LD_RUNPATH_SEARCH_PATHS = (
					"$(inherited)",
					"@executable_path/Frameworks",
					"@loader_path/Frameworks",
				);
				PRODUCT_BUNDLE_IDENTIFIER = come.karimebrahem.RobuHubUITests;
				PRODUCT_NAME = "$(TARGET_NAME)";
				SWIFT_VERSION = 5.0;
				TARGETED_DEVICE_FAMILY = "1,2";
				TEST_TARGET_NAME = RobuHub;
			};
			name = Release;
		};
		BCCE74F72547D1090058110A /* Debug */ = {
			isa = XCBuildConfiguration;
			buildSettings = {
				CODE_SIGN_STYLE = Automatic;
				CURRENT_PROJECT_VERSION = 1;
				DEFINES_MODULE = YES;
				DEVELOPMENT_TEAM = FQA9SHB233;
				DYLIB_COMPATIBILITY_VERSION = 1;
				DYLIB_CURRENT_VERSION = 1;
				DYLIB_INSTALL_NAME_BASE = "@rpath";
				INFOPLIST_FILE = Domain/Info.plist;
				INSTALL_PATH = "$(LOCAL_LIBRARY_DIR)/Frameworks";
				LD_RUNPATH_SEARCH_PATHS = (
					"$(inherited)",
					"@executable_path/Frameworks",
					"@loader_path/Frameworks",
				);
				PRODUCT_BUNDLE_IDENTIFIER = come.karimebrahem.Domain;
				PRODUCT_NAME = "$(TARGET_NAME:c99extidentifier)";
				SKIP_INSTALL = YES;
				TARGETED_DEVICE_FAMILY = "1,2";
				VERSIONING_SYSTEM = "apple-generic";
				VERSION_INFO_PREFIX = "";
			};
			name = Debug;
		};
		BCCE74F82547D1090058110A /* Release */ = {
			isa = XCBuildConfiguration;
			buildSettings = {
				CODE_SIGN_STYLE = Automatic;
				CURRENT_PROJECT_VERSION = 1;
				DEFINES_MODULE = YES;
				DEVELOPMENT_TEAM = FQA9SHB233;
				DYLIB_COMPATIBILITY_VERSION = 1;
				DYLIB_CURRENT_VERSION = 1;
				DYLIB_INSTALL_NAME_BASE = "@rpath";
				INFOPLIST_FILE = Domain/Info.plist;
				INSTALL_PATH = "$(LOCAL_LIBRARY_DIR)/Frameworks";
				LD_RUNPATH_SEARCH_PATHS = (
					"$(inherited)",
					"@executable_path/Frameworks",
					"@loader_path/Frameworks",
				);
				PRODUCT_BUNDLE_IDENTIFIER = come.karimebrahem.Domain;
				PRODUCT_NAME = "$(TARGET_NAME:c99extidentifier)";
				SKIP_INSTALL = YES;
				TARGETED_DEVICE_FAMILY = "1,2";
				VERSIONING_SYSTEM = "apple-generic";
				VERSION_INFO_PREFIX = "";
			};
			name = Release;
		};
		BCCE75632547D4F40058110A /* Debug */ = {
			isa = XCBuildConfiguration;
			buildSettings = {
				CODE_SIGN_STYLE = Automatic;
				CURRENT_PROJECT_VERSION = 1;
				DEFINES_MODULE = YES;
				DEVELOPMENT_TEAM = FQA9SHB233;
				DYLIB_COMPATIBILITY_VERSION = 1;
				DYLIB_CURRENT_VERSION = 1;
				DYLIB_INSTALL_NAME_BASE = "@rpath";
				INFOPLIST_FILE = NetworkPlatform/Info.plist;
				INSTALL_PATH = "$(LOCAL_LIBRARY_DIR)/Frameworks";
				LD_RUNPATH_SEARCH_PATHS = (
					"$(inherited)",
					"@executable_path/Frameworks",
					"@loader_path/Frameworks",
				);
				PRODUCT_BUNDLE_IDENTIFIER = come.karimebrahem.NetworkPlatform;
				PRODUCT_NAME = "$(TARGET_NAME:c99extidentifier)";
				SKIP_INSTALL = YES;
				TARGETED_DEVICE_FAMILY = "1,2";
				VERSIONING_SYSTEM = "apple-generic";
				VERSION_INFO_PREFIX = "";
			};
			name = Debug;
		};
		BCCE75642547D4F40058110A /* Release */ = {
			isa = XCBuildConfiguration;
			buildSettings = {
				CODE_SIGN_STYLE = Automatic;
				CURRENT_PROJECT_VERSION = 1;
				DEFINES_MODULE = YES;
				DEVELOPMENT_TEAM = FQA9SHB233;
				DYLIB_COMPATIBILITY_VERSION = 1;
				DYLIB_CURRENT_VERSION = 1;
				DYLIB_INSTALL_NAME_BASE = "@rpath";
				INFOPLIST_FILE = NetworkPlatform/Info.plist;
				INSTALL_PATH = "$(LOCAL_LIBRARY_DIR)/Frameworks";
				LD_RUNPATH_SEARCH_PATHS = (
					"$(inherited)",
					"@executable_path/Frameworks",
					"@loader_path/Frameworks",
				);
				PRODUCT_BUNDLE_IDENTIFIER = come.karimebrahem.NetworkPlatform;
				PRODUCT_NAME = "$(TARGET_NAME:c99extidentifier)";
				SKIP_INSTALL = YES;
				TARGETED_DEVICE_FAMILY = "1,2";
				VERSIONING_SYSTEM = "apple-generic";
				VERSION_INFO_PREFIX = "";
			};
			name = Release;
		};
		BCCE75652547D4F40058110A /* Debug */ = {
			isa = XCBuildConfiguration;
			buildSettings = {
				ALWAYS_EMBED_SWIFT_STANDARD_LIBRARIES = YES;
				CODE_SIGN_STYLE = Automatic;
				DEVELOPMENT_TEAM = FQA9SHB233;
				INFOPLIST_FILE = NetworkPlatformTests/Info.plist;
				LD_RUNPATH_SEARCH_PATHS = (
					"$(inherited)",
					"@executable_path/Frameworks",
					"@loader_path/Frameworks",
				);
				PRODUCT_BUNDLE_IDENTIFIER = come.karimebrahem.NetworkPlatformTests;
				PRODUCT_NAME = "$(TARGET_NAME)";
				TARGETED_DEVICE_FAMILY = "1,2";
				TEST_HOST = "$(BUILT_PRODUCTS_DIR)/RobuHub.app/RobuHub";
			};
			name = Debug;
		};
		BCCE75662547D4F40058110A /* Release */ = {
			isa = XCBuildConfiguration;
			buildSettings = {
				ALWAYS_EMBED_SWIFT_STANDARD_LIBRARIES = YES;
				CODE_SIGN_STYLE = Automatic;
				DEVELOPMENT_TEAM = FQA9SHB233;
				INFOPLIST_FILE = NetworkPlatformTests/Info.plist;
				LD_RUNPATH_SEARCH_PATHS = (
					"$(inherited)",
					"@executable_path/Frameworks",
					"@loader_path/Frameworks",
				);
				PRODUCT_BUNDLE_IDENTIFIER = come.karimebrahem.NetworkPlatformTests;
				PRODUCT_NAME = "$(TARGET_NAME)";
				TARGETED_DEVICE_FAMILY = "1,2";
				TEST_HOST = "$(BUILT_PRODUCTS_DIR)/RobuHub.app/RobuHub";
			};
			name = Release;
		};
/* End XCBuildConfiguration section */

/* Begin XCConfigurationList section */
		BCCE74AD2547CF2A0058110A /* Build configuration list for PBXProject "RobuHub" */ = {
			isa = XCConfigurationList;
			buildConfigurations = (
				BCCE74DA2547CF2C0058110A /* Debug */,
				BCCE74DB2547CF2C0058110A /* Release */,
			);
			defaultConfigurationIsVisible = 0;
			defaultConfigurationName = Release;
		};
		BCCE74DC2547CF2C0058110A /* Build configuration list for PBXNativeTarget "RobuHub" */ = {
			isa = XCConfigurationList;
			buildConfigurations = (
				BCCE74DD2547CF2C0058110A /* Debug */,
				BCCE74DE2547CF2C0058110A /* Release */,
			);
			defaultConfigurationIsVisible = 0;
			defaultConfigurationName = Release;
		};
		BCCE74DF2547CF2C0058110A /* Build configuration list for PBXNativeTarget "RobuHubTests" */ = {
			isa = XCConfigurationList;
			buildConfigurations = (
				BCCE74E02547CF2C0058110A /* Debug */,
				BCCE74E12547CF2C0058110A /* Release */,
			);
			defaultConfigurationIsVisible = 0;
			defaultConfigurationName = Release;
		};
		BCCE74E22547CF2C0058110A /* Build configuration list for PBXNativeTarget "RobuHubUITests" */ = {
			isa = XCConfigurationList;
			buildConfigurations = (
				BCCE74E32547CF2C0058110A /* Debug */,
				BCCE74E42547CF2C0058110A /* Release */,
			);
			defaultConfigurationIsVisible = 0;
			defaultConfigurationName = Release;
		};
		BCCE74F92547D1090058110A /* Build configuration list for PBXNativeTarget "Domain" */ = {
			isa = XCConfigurationList;
			buildConfigurations = (
				BCCE74F72547D1090058110A /* Debug */,
				BCCE74F82547D1090058110A /* Release */,
			);
			defaultConfigurationIsVisible = 0;
			defaultConfigurationName = Release;
		};
		BCCE75672547D4F40058110A /* Build configuration list for PBXNativeTarget "NetworkPlatform" */ = {
			isa = XCConfigurationList;
			buildConfigurations = (
				BCCE75632547D4F40058110A /* Debug */,
				BCCE75642547D4F40058110A /* Release */,
			);
			defaultConfigurationIsVisible = 0;
			defaultConfigurationName = Release;
		};
		BCCE75682547D4F40058110A /* Build configuration list for PBXNativeTarget "NetworkPlatformTests" */ = {
			isa = XCConfigurationList;
			buildConfigurations = (
				BCCE75652547D4F40058110A /* Debug */,
				BCCE75662547D4F40058110A /* Release */,
			);
			defaultConfigurationIsVisible = 0;
			defaultConfigurationName = Release;
		};
/* End XCConfigurationList section */
	};
	rootObject = BCCE74AA2547CF2A0058110A /* Project object */;
}
